
Microsoft Visual Studio Solution File, Format Version 12.00
# Visual Studio Version 17
VisualStudioVersion = 17.6.33829.357
MinimumVisualStudioVersion = 10.0.40219.1
Project("{FAE04EC0-301F-11D3-BF4B-00C04F79EFBC}") = "PrintStars", "PrintStars\PrintStars.csproj", "{DFFF77B3-42EF-4673-9023-308ABEC89338}"
EndProject
Global
	GlobalSection(SolutionConfigurationPlatforms) = preSolution
		Debug|Any CPU = Debug|Any CPU
		Release|Any CPU = Release|Any CPU
	EndGlobalSection
	GlobalSection(ProjectConfigurationPlatforms) = postSolution
		{DFFF77B3-42EF-4673-9023-308ABEC89338}.Debug|Any CPU.ActiveCfg = Debug|Any CPU
		{DFFF77B3-42EF-4673-9023-308ABEC89338}.Debug|Any CPU.Build.0 = Debug|Any CPU
		{DFFF77B3-42EF-4673-9023-308ABEC89338}.Release|Any CPU.ActiveCfg = Release|Any CPU
		{DFFF77B3-42EF-4673-9023-308ABEC89338}.Release|Any CPU.Build.0 = Release|Any CPU
	EndGlobalSection
	GlobalSection(SolutionProperties) = preSolution
		HideSolutionNode = FALSE
	EndGlobalSection
	GlobalSection(ExtensibilityGlobals) = postSolution
		SolutionGuid = {C0318135-AF7F-446F-9DCB-103A01D69FC1}
	EndGlobalSection
EndGlobal
